// !$*UTF8*$!
{
	archiveVersion = 1;
	classes = {
	};
	objectVersion = 51;
	objects = {

/* Begin PBXBuildFile section */
		04C3BB124FEEA2A7B38D7BA9 /* Pods_SpectrumTests.framework in Frameworks */ = {isa = PBXBuildFile; fileRef = 074D20C82D715F1F338130D9 /* Pods_SpectrumTests.framework */; };
		A97651EA3EFEA346AE4D8BDD /* Pods_Spectrum_SpectrumUITests.framework in Frameworks */ = {isa = PBXBuildFile; fileRef = 4DAF05486186947534D4D7F3 /* Pods_Spectrum_SpectrumUITests.framework */; };
		BF3D8ED3451C5304220D996C /* Pods_Spectrum.framework in Frameworks */ = {isa = PBXBuildFile; fileRef = 58E8B074D02EE7E619563396 /* Pods_Spectrum.framework */; };
		F7568051248A0D50001CB30E /* AppDelegate.swift in Sources */ = {isa = PBXBuildFile; fileRef = F7568050248A0D50001CB30E /* AppDelegate.swift */; };
		F756805A248A0D52001CB30E /* Assets.xcassets in Resources */ = {isa = PBXBuildFile; fileRef = F7568059248A0D52001CB30E /* Assets.xcassets */; };
		F756805D248A0D52001CB30E /* LaunchScreen.storyboard in Resources */ = {isa = PBXBuildFile; fileRef = F756805B248A0D52001CB30E /* LaunchScreen.storyboard */; };
		F7568068248A0D52001CB30E /* SpectrumTests.swift in Sources */ = {isa = PBXBuildFile; fileRef = F7568067248A0D52001CB30E /* SpectrumTests.swift */; };
		F7568073248A0D52001CB30E /* SpectrumUITests.swift in Sources */ = {isa = PBXBuildFile; fileRef = F7568072248A0D52001CB30E /* SpectrumUITests.swift */; };
		F7568089248A0F88001CB30E /* RootControllerService.swift in Sources */ = {isa = PBXBuildFile; fileRef = F7568088248A0F88001CB30E /* RootControllerService.swift */; };
		F756808B248A0F9B001CB30E /* ServiceDispatcher.swift in Sources */ = {isa = PBXBuildFile; fileRef = F756808A248A0F9B001CB30E /* ServiceDispatcher.swift */; };
		F756808D248A10C6001CB30E /* Coordinator.swift in Sources */ = {isa = PBXBuildFile; fileRef = F756808C248A10C6001CB30E /* Coordinator.swift */; };
		F756808F248A10F7001CB30E /* ApplicationCoordinator.swift in Sources */ = {isa = PBXBuildFile; fileRef = F756808E248A10F7001CB30E /* ApplicationCoordinator.swift */; };
		F7568091248A1601001CB30E /* AlertWireframe.swift in Sources */ = {isa = PBXBuildFile; fileRef = F7568090248A1601001CB30E /* AlertWireframe.swift */; };
		F7568093248A1A33001CB30E /* NetworkProvider.swift in Sources */ = {isa = PBXBuildFile; fileRef = F7568092248A1A33001CB30E /* NetworkProvider.swift */; };
		F7568095248A1B30001CB30E /* ReachabilityManager.swift in Sources */ = {isa = PBXBuildFile; fileRef = F7568094248A1B30001CB30E /* ReachabilityManager.swift */; };
		F7568098248A2522001CB30E /* SpinnerVC.swift in Sources */ = {isa = PBXBuildFile; fileRef = F7568097248A2522001CB30E /* SpinnerVC.swift */; };
		F756809B248A25C4001CB30E /* UIColor+Additions.swift in Sources */ = {isa = PBXBuildFile; fileRef = F756809A248A25C4001CB30E /* UIColor+Additions.swift */; };
		F75680A0248A27D8001CB30E /* UIFonts+Additions.swift in Sources */ = {isa = PBXBuildFile; fileRef = F756809F248A27D8001CB30E /* UIFonts+Additions.swift */; };
		F75680A3248A2996001CB30E /* BaseTableViewController.xib in Resources */ = {isa = PBXBuildFile; fileRef = F75680A2248A2996001CB30E /* BaseTableViewController.xib */; };
		F75680A5248A29D0001CB30E /* BaseTableViewController.swift in Sources */ = {isa = PBXBuildFile; fileRef = F75680A4248A29D0001CB30E /* BaseTableViewController.swift */; };
		F75680A7248A2ACA001CB30E /* BaseTableViewCell.swift in Sources */ = {isa = PBXBuildFile; fileRef = F75680A6248A2ACA001CB30E /* BaseTableViewCell.swift */; };
		F75680AB248A3645001CB30E /* CompanyListCoordinator.swift in Sources */ = {isa = PBXBuildFile; fileRef = F75680AA248A3645001CB30E /* CompanyListCoordinator.swift */; };
		F75680AE248A36B6001CB30E /* CompanyListVC.swift in Sources */ = {isa = PBXBuildFile; fileRef = F75680AD248A36B6001CB30E /* CompanyListVC.swift */; };
		F75680B0248A3899001CB30E /* SearchCell.xib in Resources */ = {isa = PBXBuildFile; fileRef = F75680AF248A3899001CB30E /* SearchCell.xib */; };
		F75680B2248A38CE001CB30E /* SearchCell.swift in Sources */ = {isa = PBXBuildFile; fileRef = F75680B1248A38CE001CB30E /* SearchCell.swift */; };
		F75680B5248A3E15001CB30E /* SearchTextField.swift in Sources */ = {isa = PBXBuildFile; fileRef = F75680B4248A3E15001CB30E /* SearchTextField.swift */; };
		F75680B8248A415A001CB30E /* CompanyCell.xib in Resources */ = {isa = PBXBuildFile; fileRef = F75680B7248A415A001CB30E /* CompanyCell.xib */; };
		F75680BB248A42A6001CB30E /* MainLabel.swift in Sources */ = {isa = PBXBuildFile; fileRef = F75680BA248A42A6001CB30E /* MainLabel.swift */; };
		F75680BD248A42E1001CB30E /* SecondaryLabel.swift in Sources */ = {isa = PBXBuildFile; fileRef = F75680BC248A42E1001CB30E /* SecondaryLabel.swift */; };
		F75680BF248A430D001CB30E /* TertiaryLabel.swift in Sources */ = {isa = PBXBuildFile; fileRef = F75680BE248A430D001CB30E /* TertiaryLabel.swift */; };
		F75680C2248A43F9001CB30E /* FollowButton.swift in Sources */ = {isa = PBXBuildFile; fileRef = F75680C1248A43F9001CB30E /* FollowButton.swift */; };
		F75680C4248A44D9001CB30E /* CompanyCell.swift in Sources */ = {isa = PBXBuildFile; fileRef = F75680C3248A44D9001CB30E /* CompanyCell.swift */; };
		F75680C9248A4AD3001CB30E /* CompanyAndMemberProvider.swift in Sources */ = {isa = PBXBuildFile; fileRef = F75680C8248A4AD3001CB30E /* CompanyAndMemberProvider.swift */; };
		F75680CB248A5EE7001CB30E /* GetCompanyAndMemberResponse.swift in Sources */ = {isa = PBXBuildFile; fileRef = F75680CA248A5EE7001CB30E /* GetCompanyAndMemberResponse.swift */; };
		F75680CD248A634C001CB30E /* CompanyListViewModel.swift in Sources */ = {isa = PBXBuildFile; fileRef = F75680CC248A634C001CB30E /* CompanyListViewModel.swift */; };
		F75680D0248A6A28001CB30E /* SortBy.storyboard in Resources */ = {isa = PBXBuildFile; fileRef = F75680CF248A6A28001CB30E /* SortBy.storyboard */; };
		F75680D4248A6B26001CB30E /* SortByVC.swift in Sources */ = {isa = PBXBuildFile; fileRef = F75680D3248A6B26001CB30E /* SortByVC.swift */; };
/* End PBXBuildFile section */

/* Begin PBXContainerItemProxy section */
		F7568064248A0D52001CB30E /* PBXContainerItemProxy */ = {
			isa = PBXContainerItemProxy;
			containerPortal = F7568045248A0D50001CB30E /* Project object */;
			proxyType = 1;
			remoteGlobalIDString = F756804C248A0D50001CB30E;
			remoteInfo = Spectrum;
		};
		F756806F248A0D52001CB30E /* PBXContainerItemProxy */ = {
			isa = PBXContainerItemProxy;
			containerPortal = F7568045248A0D50001CB30E /* Project object */;
			proxyType = 1;
			remoteGlobalIDString = F756804C248A0D50001CB30E;
			remoteInfo = Spectrum;
		};
/* End PBXContainerItemProxy section */

/* Begin PBXFileReference section */
		074D20C82D715F1F338130D9 /* Pods_SpectrumTests.framework */ = {isa = PBXFileReference; explicitFileType = wrapper.framework; includeInIndex = 0; path = Pods_SpectrumTests.framework; sourceTree = BUILT_PRODUCTS_DIR; };
		15F9E5A2B0188FA75E390637 /* Pods-Spectrum-SpectrumUITests.release.xcconfig */ = {isa = PBXFileReference; includeInIndex = 1; lastKnownFileType = text.xcconfig; name = "Pods-Spectrum-SpectrumUITests.release.xcconfig"; path = "Target Support Files/Pods-Spectrum-SpectrumUITests/Pods-Spectrum-SpectrumUITests.release.xcconfig"; sourceTree = "<group>"; };
		42E2D89F45C3ADB4BFDB163E /* Pods-Spectrum.release.xcconfig */ = {isa = PBXFileReference; includeInIndex = 1; lastKnownFileType = text.xcconfig; name = "Pods-Spectrum.release.xcconfig"; path = "Target Support Files/Pods-Spectrum/Pods-Spectrum.release.xcconfig"; sourceTree = "<group>"; };
		4DAF05486186947534D4D7F3 /* Pods_Spectrum_SpectrumUITests.framework */ = {isa = PBXFileReference; explicitFileType = wrapper.framework; includeInIndex = 0; path = Pods_Spectrum_SpectrumUITests.framework; sourceTree = BUILT_PRODUCTS_DIR; };
		58E8B074D02EE7E619563396 /* Pods_Spectrum.framework */ = {isa = PBXFileReference; explicitFileType = wrapper.framework; includeInIndex = 0; path = Pods_Spectrum.framework; sourceTree = BUILT_PRODUCTS_DIR; };
		60597A840E4E207CFF2F5521 /* Pods-SpectrumTests.release.xcconfig */ = {isa = PBXFileReference; includeInIndex = 1; lastKnownFileType = text.xcconfig; name = "Pods-SpectrumTests.release.xcconfig"; path = "Target Support Files/Pods-SpectrumTests/Pods-SpectrumTests.release.xcconfig"; sourceTree = "<group>"; };
		C801F1C705928818D9D4A31A /* Pods-Spectrum.debug.xcconfig */ = {isa = PBXFileReference; includeInIndex = 1; lastKnownFileType = text.xcconfig; name = "Pods-Spectrum.debug.xcconfig"; path = "Target Support Files/Pods-Spectrum/Pods-Spectrum.debug.xcconfig"; sourceTree = "<group>"; };
		ECFCA7DAFB742AE7778B9960 /* Pods-SpectrumTests.debug.xcconfig */ = {isa = PBXFileReference; includeInIndex = 1; lastKnownFileType = text.xcconfig; name = "Pods-SpectrumTests.debug.xcconfig"; path = "Target Support Files/Pods-SpectrumTests/Pods-SpectrumTests.debug.xcconfig"; sourceTree = "<group>"; };
		ED5591ECFB5F7A0A6EDAFFFE /* Pods-Spectrum-SpectrumUITests.debug.xcconfig */ = {isa = PBXFileReference; includeInIndex = 1; lastKnownFileType = text.xcconfig; name = "Pods-Spectrum-SpectrumUITests.debug.xcconfig"; path = "Target Support Files/Pods-Spectrum-SpectrumUITests/Pods-Spectrum-SpectrumUITests.debug.xcconfig"; sourceTree = "<group>"; };
		F756804D248A0D50001CB30E /* Spectrum.app */ = {isa = PBXFileReference; explicitFileType = wrapper.application; includeInIndex = 0; path = Spectrum.app; sourceTree = BUILT_PRODUCTS_DIR; };
		F7568050248A0D50001CB30E /* AppDelegate.swift */ = {isa = PBXFileReference; lastKnownFileType = sourcecode.swift; path = AppDelegate.swift; sourceTree = "<group>"; };
		F7568059248A0D52001CB30E /* Assets.xcassets */ = {isa = PBXFileReference; lastKnownFileType = folder.assetcatalog; path = Assets.xcassets; sourceTree = "<group>"; };
		F756805C248A0D52001CB30E /* Base */ = {isa = PBXFileReference; lastKnownFileType = file.storyboard; name = Base; path = Base.lproj/LaunchScreen.storyboard; sourceTree = "<group>"; };
		F756805E248A0D52001CB30E /* Info.plist */ = {isa = PBXFileReference; lastKnownFileType = text.plist.xml; path = Info.plist; sourceTree = "<group>"; };
		F7568063248A0D52001CB30E /* SpectrumTests.xctest */ = {isa = PBXFileReference; explicitFileType = wrapper.cfbundle; includeInIndex = 0; path = SpectrumTests.xctest; sourceTree = BUILT_PRODUCTS_DIR; };
		F7568067248A0D52001CB30E /* SpectrumTests.swift */ = {isa = PBXFileReference; lastKnownFileType = sourcecode.swift; path = SpectrumTests.swift; sourceTree = "<group>"; };
		F7568069248A0D52001CB30E /* Info.plist */ = {isa = PBXFileReference; lastKnownFileType = text.plist.xml; path = Info.plist; sourceTree = "<group>"; };
		F756806E248A0D52001CB30E /* SpectrumUITests.xctest */ = {isa = PBXFileReference; explicitFileType = wrapper.cfbundle; includeInIndex = 0; path = SpectrumUITests.xctest; sourceTree = BUILT_PRODUCTS_DIR; };
		F7568072248A0D52001CB30E /* SpectrumUITests.swift */ = {isa = PBXFileReference; lastKnownFileType = sourcecode.swift; path = SpectrumUITests.swift; sourceTree = "<group>"; };
		F7568074248A0D52001CB30E /* Info.plist */ = {isa = PBXFileReference; lastKnownFileType = text.plist.xml; path = Info.plist; sourceTree = "<group>"; };
		F7568088248A0F88001CB30E /* RootControllerService.swift */ = {isa = PBXFileReference; lastKnownFileType = sourcecode.swift; path = RootControllerService.swift; sourceTree = "<group>"; };
		F756808A248A0F9B001CB30E /* ServiceDispatcher.swift */ = {isa = PBXFileReference; lastKnownFileType = sourcecode.swift; path = ServiceDispatcher.swift; sourceTree = "<group>"; };
		F756808C248A10C6001CB30E /* Coordinator.swift */ = {isa = PBXFileReference; lastKnownFileType = sourcecode.swift; path = Coordinator.swift; sourceTree = "<group>"; };
		F756808E248A10F7001CB30E /* ApplicationCoordinator.swift */ = {isa = PBXFileReference; lastKnownFileType = sourcecode.swift; path = ApplicationCoordinator.swift; sourceTree = "<group>"; };
		F7568090248A1601001CB30E /* AlertWireframe.swift */ = {isa = PBXFileReference; lastKnownFileType = sourcecode.swift; path = AlertWireframe.swift; sourceTree = "<group>"; };
		F7568092248A1A33001CB30E /* NetworkProvider.swift */ = {isa = PBXFileReference; lastKnownFileType = sourcecode.swift; path = NetworkProvider.swift; sourceTree = "<group>"; };
		F7568094248A1B30001CB30E /* ReachabilityManager.swift */ = {isa = PBXFileReference; lastKnownFileType = sourcecode.swift; path = ReachabilityManager.swift; sourceTree = "<group>"; };
		F7568097248A2522001CB30E /* SpinnerVC.swift */ = {isa = PBXFileReference; lastKnownFileType = sourcecode.swift; path = SpinnerVC.swift; sourceTree = "<group>"; };
		F756809A248A25C4001CB30E /* UIColor+Additions.swift */ = {isa = PBXFileReference; lastKnownFileType = sourcecode.swift; path = "UIColor+Additions.swift"; sourceTree = "<group>"; };
		F756809F248A27D8001CB30E /* UIFonts+Additions.swift */ = {isa = PBXFileReference; lastKnownFileType = sourcecode.swift; path = "UIFonts+Additions.swift"; sourceTree = "<group>"; };
		F75680A2248A2996001CB30E /* BaseTableViewController.xib */ = {isa = PBXFileReference; lastKnownFileType = file.xib; path = BaseTableViewController.xib; sourceTree = "<group>"; };
		F75680A4248A29D0001CB30E /* BaseTableViewController.swift */ = {isa = PBXFileReference; lastKnownFileType = sourcecode.swift; path = BaseTableViewController.swift; sourceTree = "<group>"; };
		F75680A6248A2ACA001CB30E /* BaseTableViewCell.swift */ = {isa = PBXFileReference; lastKnownFileType = sourcecode.swift; path = BaseTableViewCell.swift; sourceTree = "<group>"; };
		F75680AA248A3645001CB30E /* CompanyListCoordinator.swift */ = {isa = PBXFileReference; lastKnownFileType = sourcecode.swift; path = CompanyListCoordinator.swift; sourceTree = "<group>"; };
		F75680AD248A36B6001CB30E /* CompanyListVC.swift */ = {isa = PBXFileReference; lastKnownFileType = sourcecode.swift; path = CompanyListVC.swift; sourceTree = "<group>"; };
		F75680AF248A3899001CB30E /* SearchCell.xib */ = {isa = PBXFileReference; lastKnownFileType = file.xib; path = SearchCell.xib; sourceTree = "<group>"; };
		F75680B1248A38CE001CB30E /* SearchCell.swift */ = {isa = PBXFileReference; lastKnownFileType = sourcecode.swift; path = SearchCell.swift; sourceTree = "<group>"; };
		F75680B4248A3E15001CB30E /* SearchTextField.swift */ = {isa = PBXFileReference; lastKnownFileType = sourcecode.swift; path = SearchTextField.swift; sourceTree = "<group>"; };
		F75680B7248A415A001CB30E /* CompanyCell.xib */ = {isa = PBXFileReference; lastKnownFileType = file.xib; path = CompanyCell.xib; sourceTree = "<group>"; };
		F75680BA248A42A6001CB30E /* MainLabel.swift */ = {isa = PBXFileReference; lastKnownFileType = sourcecode.swift; path = MainLabel.swift; sourceTree = "<group>"; };
		F75680BC248A42E1001CB30E /* SecondaryLabel.swift */ = {isa = PBXFileReference; lastKnownFileType = sourcecode.swift; path = SecondaryLabel.swift; sourceTree = "<group>"; };
		F75680BE248A430D001CB30E /* TertiaryLabel.swift */ = {isa = PBXFileReference; lastKnownFileType = sourcecode.swift; path = TertiaryLabel.swift; sourceTree = "<group>"; };
		F75680C1248A43F9001CB30E /* FollowButton.swift */ = {isa = PBXFileReference; lastKnownFileType = sourcecode.swift; path = FollowButton.swift; sourceTree = "<group>"; };
		F75680C3248A44D9001CB30E /* CompanyCell.swift */ = {isa = PBXFileReference; lastKnownFileType = sourcecode.swift; path = CompanyCell.swift; sourceTree = "<group>"; };
		F75680C8248A4AD3001CB30E /* CompanyAndMemberProvider.swift */ = {isa = PBXFileReference; lastKnownFileType = sourcecode.swift; path = CompanyAndMemberProvider.swift; sourceTree = "<group>"; };
		F75680CA248A5EE7001CB30E /* GetCompanyAndMemberResponse.swift */ = {isa = PBXFileReference; lastKnownFileType = sourcecode.swift; path = GetCompanyAndMemberResponse.swift; sourceTree = "<group>"; };
		F75680CC248A634C001CB30E /* CompanyListViewModel.swift */ = {isa = PBXFileReference; lastKnownFileType = sourcecode.swift; path = CompanyListViewModel.swift; sourceTree = "<group>"; };
		F75680CF248A6A28001CB30E /* SortBy.storyboard */ = {isa = PBXFileReference; lastKnownFileType = file.storyboard; path = SortBy.storyboard; sourceTree = "<group>"; };
		F75680D3248A6B26001CB30E /* SortByVC.swift */ = {isa = PBXFileReference; lastKnownFileType = sourcecode.swift; path = SortByVC.swift; sourceTree = "<group>"; };
/* End PBXFileReference section */

/* Begin PBXFrameworksBuildPhase section */
		F756804A248A0D50001CB30E /* Frameworks */ = {
			isa = PBXFrameworksBuildPhase;
			buildActionMask = 2147483647;
			files = (
				BF3D8ED3451C5304220D996C /* Pods_Spectrum.framework in Frameworks */,
			);
			runOnlyForDeploymentPostprocessing = 0;
		};
		F7568060248A0D52001CB30E /* Frameworks */ = {
			isa = PBXFrameworksBuildPhase;
			buildActionMask = 2147483647;
			files = (
				04C3BB124FEEA2A7B38D7BA9 /* Pods_SpectrumTests.framework in Frameworks */,
			);
			runOnlyForDeploymentPostprocessing = 0;
		};
		F756806B248A0D52001CB30E /* Frameworks */ = {
			isa = PBXFrameworksBuildPhase;
			buildActionMask = 2147483647;
			files = (
				A97651EA3EFEA346AE4D8BDD /* Pods_Spectrum_SpectrumUITests.framework in Frameworks */,
			);
			runOnlyForDeploymentPostprocessing = 0;
		};
/* End PBXFrameworksBuildPhase section */

/* Begin PBXGroup section */
		1D7FBD085070A266FFFDC76D /* Pods */ = {
			isa = PBXGroup;
			children = (
				C801F1C705928818D9D4A31A /* Pods-Spectrum.debug.xcconfig */,
				42E2D89F45C3ADB4BFDB163E /* Pods-Spectrum.release.xcconfig */,
				ED5591ECFB5F7A0A6EDAFFFE /* Pods-Spectrum-SpectrumUITests.debug.xcconfig */,
				15F9E5A2B0188FA75E390637 /* Pods-Spectrum-SpectrumUITests.release.xcconfig */,
				ECFCA7DAFB742AE7778B9960 /* Pods-SpectrumTests.debug.xcconfig */,
				60597A840E4E207CFF2F5521 /* Pods-SpectrumTests.release.xcconfig */,
			);
			path = Pods;
			sourceTree = "<group>";
		};
		2315CF1B4694737A1F8DE9F2 /* Frameworks */ = {
			isa = PBXGroup;
			children = (
				58E8B074D02EE7E619563396 /* Pods_Spectrum.framework */,
				4DAF05486186947534D4D7F3 /* Pods_Spectrum_SpectrumUITests.framework */,
				074D20C82D715F1F338130D9 /* Pods_SpectrumTests.framework */,
			);
			name = Frameworks;
			sourceTree = "<group>";
		};
		F7568044248A0D50001CB30E = {
			isa = PBXGroup;
			children = (
				F756804F248A0D50001CB30E /* Spectrum */,
				F7568066248A0D52001CB30E /* SpectrumTests */,
				F7568071248A0D52001CB30E /* SpectrumUITests */,
				F756804E248A0D50001CB30E /* Products */,
				1D7FBD085070A266FFFDC76D /* Pods */,
				2315CF1B4694737A1F8DE9F2 /* Frameworks */,
			);
			sourceTree = "<group>";
		};
		F756804E248A0D50001CB30E /* Products */ = {
			isa = PBXGroup;
			children = (
				F756804D248A0D50001CB30E /* Spectrum.app */,
				F7568063248A0D52001CB30E /* SpectrumTests.xctest */,
				F756806E248A0D52001CB30E /* SpectrumUITests.xctest */,
			);
			name = Products;
			sourceTree = "<group>";
		};
		F756804F248A0D50001CB30E /* Spectrum */ = {
			isa = PBXGroup;
			children = (
				F7568080248A0E11001CB30E /* Shared */,
				F7568081248A0E19001CB30E /* Modules */,
				F7568059248A0D52001CB30E /* Assets.xcassets */,
				F756805B248A0D52001CB30E /* LaunchScreen.storyboard */,
				F756805E248A0D52001CB30E /* Info.plist */,
			);
			path = Spectrum;
			sourceTree = "<group>";
		};
		F7568066248A0D52001CB30E /* SpectrumTests */ = {
			isa = PBXGroup;
			children = (
				F7568067248A0D52001CB30E /* SpectrumTests.swift */,
				F7568069248A0D52001CB30E /* Info.plist */,
			);
			path = SpectrumTests;
			sourceTree = "<group>";
		};
		F7568071248A0D52001CB30E /* SpectrumUITests */ = {
			isa = PBXGroup;
			children = (
				F7568072248A0D52001CB30E /* SpectrumUITests.swift */,
				F7568074248A0D52001CB30E /* Info.plist */,
			);
			path = SpectrumUITests;
			sourceTree = "<group>";
		};
		F7568080248A0E11001CB30E /* Shared */ = {
			isa = PBXGroup;
			children = (
				F7568084248A0E37001CB30E /* AppDelegate */,
				F7568083248A0E2D001CB30E /* Network */,
				F7568082248A0E26001CB30E /* UIComponents */,
				F7568085248A0E42001CB30E /* Navigations */,
				F7568087248A0E5D001CB30E /* Alerts */,
			);
			path = Shared;
			sourceTree = "<group>";
		};
		F7568081248A0E19001CB30E /* Modules */ = {
			isa = PBXGroup;
			children = (
				F75680CE248A6A14001CB30E /* SortByVC */,
				F75680A8248A3603001CB30E /* CompanyList */,
			);
			path = Modules;
			sourceTree = "<group>";
		};
		F7568082248A0E26001CB30E /* UIComponents */ = {
			isa = PBXGroup;
			children = (
				F75680C0248A43DE001CB30E /* Buttons */,
				F75680B9248A4297001CB30E /* Labels */,
				F75680B3248A3E07001CB30E /* TextFields */,
				F7568096248A250F001CB30E /* LoadingIndicator */,
				F7568099248A2598001CB30E /* Colors */,
				F756809C248A27AA001CB30E /* Fonts */,
				F75680A1248A2977001CB30E /* TableViews */,
			);
			path = UIComponents;
			sourceTree = "<group>";
		};
		F7568083248A0E2D001CB30E /* Network */ = {
			isa = PBXGroup;
			children = (
				F7568092248A1A33001CB30E /* NetworkProvider.swift */,
				F7568094248A1B30001CB30E /* ReachabilityManager.swift */,
			);
			path = Network;
			sourceTree = "<group>";
		};
		F7568084248A0E37001CB30E /* AppDelegate */ = {
			isa = PBXGroup;
			children = (
				F7568050248A0D50001CB30E /* AppDelegate.swift */,
				F7568088248A0F88001CB30E /* RootControllerService.swift */,
				F756808A248A0F9B001CB30E /* ServiceDispatcher.swift */,
			);
			path = AppDelegate;
			sourceTree = "<group>";
		};
		F7568085248A0E42001CB30E /* Navigations */ = {
			isa = PBXGroup;
			children = (
				F756808C248A10C6001CB30E /* Coordinator.swift */,
				F756808E248A10F7001CB30E /* ApplicationCoordinator.swift */,
			);
			path = Navigations;
			sourceTree = "<group>";
		};
		F7568087248A0E5D001CB30E /* Alerts */ = {
			isa = PBXGroup;
			children = (
				F7568090248A1601001CB30E /* AlertWireframe.swift */,
			);
			path = Alerts;
			sourceTree = "<group>";
		};
		F7568096248A250F001CB30E /* LoadingIndicator */ = {
			isa = PBXGroup;
			children = (
				F7568097248A2522001CB30E /* SpinnerVC.swift */,
			);
			path = LoadingIndicator;
			sourceTree = "<group>";
		};
		F7568099248A2598001CB30E /* Colors */ = {
			isa = PBXGroup;
			children = (
				F756809A248A25C4001CB30E /* UIColor+Additions.swift */,
			);
			path = Colors;
			sourceTree = "<group>";
		};
		F756809C248A27AA001CB30E /* Fonts */ = {
			isa = PBXGroup;
			children = (
				F756809F248A27D8001CB30E /* UIFonts+Additions.swift */,
			);
			path = Fonts;
			sourceTree = "<group>";
		};
		F75680A1248A2977001CB30E /* TableViews */ = {
			isa = PBXGroup;
			children = (
				F75680A6248A2ACA001CB30E /* BaseTableViewCell.swift */,
				F75680A2248A2996001CB30E /* BaseTableViewController.xib */,
				F75680A4248A29D0001CB30E /* BaseTableViewController.swift */,
				F75680AF248A3899001CB30E /* SearchCell.xib */,
				F75680B1248A38CE001CB30E /* SearchCell.swift */,
			);
			path = TableViews;
			sourceTree = "<group>";
		};
		F75680A8248A3603001CB30E /* CompanyList */ = {
			isa = PBXGroup;
			children = (
				F75680C7248A4ABB001CB30E /* Models */,
				F75680C6248A4AAD001CB30E /* Network */,
				F75680C5248A4AA5001CB30E /* ViewModels */,
				F75680B6248A40F1001CB30E /* Cells */,
				F75680AC248A36A8001CB30E /* Controllers */,
				F75680A9248A362B001CB30E /* Coordinators */,
			);
			path = CompanyList;
			sourceTree = "<group>";
		};
		F75680A9248A362B001CB30E /* Coordinators */ = {
			isa = PBXGroup;
			children = (
				F75680AA248A3645001CB30E /* CompanyListCoordinator.swift */,
			);
			path = Coordinators;
			sourceTree = "<group>";
		};
		F75680AC248A36A8001CB30E /* Controllers */ = {
			isa = PBXGroup;
			children = (
				F75680AD248A36B6001CB30E /* CompanyListVC.swift */,
			);
			path = Controllers;
			sourceTree = "<group>";
		};
		F75680B3248A3E07001CB30E /* TextFields */ = {
			isa = PBXGroup;
			children = (
				F75680B4248A3E15001CB30E /* SearchTextField.swift */,
			);
			path = TextFields;
			sourceTree = "<group>";
		};
		F75680B6248A40F1001CB30E /* Cells */ = {
			isa = PBXGroup;
			children = (
				F75680B7248A415A001CB30E /* CompanyCell.xib */,
				F75680C3248A44D9001CB30E /* CompanyCell.swift */,
			);
			path = Cells;
			sourceTree = "<group>";
		};
		F75680B9248A4297001CB30E /* Labels */ = {
			isa = PBXGroup;
			children = (
				F75680BA248A42A6001CB30E /* MainLabel.swift */,
				F75680BC248A42E1001CB30E /* SecondaryLabel.swift */,
				F75680BE248A430D001CB30E /* TertiaryLabel.swift */,
			);
			path = Labels;
			sourceTree = "<group>";
		};
		F75680C0248A43DE001CB30E /* Buttons */ = {
			isa = PBXGroup;
			children = (
				F75680C1248A43F9001CB30E /* FollowButton.swift */,
			);
			path = Buttons;
			sourceTree = "<group>";
		};
		F75680C5248A4AA5001CB30E /* ViewModels */ = {
			isa = PBXGroup;
			children = (
				F75680CC248A634C001CB30E /* CompanyListViewModel.swift */,
			);
			path = ViewModels;
			sourceTree = "<group>";
		};
		F75680C6248A4AAD001CB30E /* Network */ = {
			isa = PBXGroup;
			children = (
				F75680C8248A4AD3001CB30E /* CompanyAndMemberProvider.swift */,
			);
			path = Network;
			sourceTree = "<group>";
		};
		F75680C7248A4ABB001CB30E /* Models */ = {
			isa = PBXGroup;
			children = (
				F75680CA248A5EE7001CB30E /* GetCompanyAndMemberResponse.swift */,
			);
			path = Models;
			sourceTree = "<group>";
		};
		F75680CE248A6A14001CB30E /* SortByVC */ = {
			isa = PBXGroup;
			children = (
				F75680D2248A6B11001CB30E /* Controllers */,
				F75680D1248A6B0C001CB30E /* Storyboards */,
				F75680CF248A6A28001CB30E /* SortBy.storyboard */,
			);
			path = SortByVC;
			sourceTree = "<group>";
		};
		F75680D1248A6B0C001CB30E /* Storyboards */ = {
			isa = PBXGroup;
			children = (
			);
			path = Storyboards;
			sourceTree = "<group>";
		};
		F75680D2248A6B11001CB30E /* Controllers */ = {
			isa = PBXGroup;
			children = (
				F75680D3248A6B26001CB30E /* SortByVC.swift */,
			);
			path = Controllers;
			sourceTree = "<group>";
		};
/* End PBXGroup section */

/* Begin PBXNativeTarget section */
		F756804C248A0D50001CB30E /* Spectrum */ = {
			isa = PBXNativeTarget;
			buildConfigurationList = F7568077248A0D52001CB30E /* Build configuration list for PBXNativeTarget "Spectrum" */;
			buildPhases = (
				9A93E3D1E099C273631263A7 /* [CP] Check Pods Manifest.lock */,
				F7568049248A0D50001CB30E /* Sources */,
				F756804A248A0D50001CB30E /* Frameworks */,
				F756804B248A0D50001CB30E /* Resources */,
				F51B85BBE1F4E91F15D10756 /* [CP] Embed Pods Frameworks */,
			);
			buildRules = (
			);
			dependencies = (
			);
			name = Spectrum;
			productName = Spectrum;
			productReference = F756804D248A0D50001CB30E /* Spectrum.app */;
			productType = "com.apple.product-type.application";
		};
		F7568062248A0D52001CB30E /* SpectrumTests */ = {
			isa = PBXNativeTarget;
			buildConfigurationList = F756807A248A0D52001CB30E /* Build configuration list for PBXNativeTarget "SpectrumTests" */;
			buildPhases = (
				0990718EBF92F4951837D51C /* [CP] Check Pods Manifest.lock */,
				F756805F248A0D52001CB30E /* Sources */,
				F7568060248A0D52001CB30E /* Frameworks */,
				F7568061248A0D52001CB30E /* Resources */,
			);
			buildRules = (
			);
			dependencies = (
				F7568065248A0D52001CB30E /* PBXTargetDependency */,
			);
			name = SpectrumTests;
			productName = SpectrumTests;
			productReference = F7568063248A0D52001CB30E /* SpectrumTests.xctest */;
			productType = "com.apple.product-type.bundle.unit-test";
		};
		F756806D248A0D52001CB30E /* SpectrumUITests */ = {
			isa = PBXNativeTarget;
			buildConfigurationList = F756807D248A0D52001CB30E /* Build configuration list for PBXNativeTarget "SpectrumUITests" */;
			buildPhases = (
				71A892FF10B7A8DA839D1F77 /* [CP] Check Pods Manifest.lock */,
				F756806A248A0D52001CB30E /* Sources */,
				F756806B248A0D52001CB30E /* Frameworks */,
				F756806C248A0D52001CB30E /* Resources */,
				453F2B9BCF05812BC2F9472D /* [CP] Embed Pods Frameworks */,
			);
			buildRules = (
			);
			dependencies = (
				F7568070248A0D52001CB30E /* PBXTargetDependency */,
			);
			name = SpectrumUITests;
			productName = SpectrumUITests;
			productReference = F756806E248A0D52001CB30E /* SpectrumUITests.xctest */;
			productType = "com.apple.product-type.bundle.ui-testing";
		};
/* End PBXNativeTarget section */

/* Begin PBXProject section */
		F7568045248A0D50001CB30E /* Project object */ = {
			isa = PBXProject;
			attributes = {
				LastSwiftUpdateCheck = 1110;
				LastUpgradeCheck = 1110;
				ORGANIZATIONNAME = DerickDev;
				TargetAttributes = {
					F756804C248A0D50001CB30E = {
						CreatedOnToolsVersion = 11.1;
					};
					F7568062248A0D52001CB30E = {
						CreatedOnToolsVersion = 11.1;
						TestTargetID = F756804C248A0D50001CB30E;
					};
					F756806D248A0D52001CB30E = {
						CreatedOnToolsVersion = 11.1;
						TestTargetID = F756804C248A0D50001CB30E;
					};
				};
			};
			buildConfigurationList = F7568048248A0D50001CB30E /* Build configuration list for PBXProject "Spectrum" */;
			compatibilityVersion = "Xcode 9.3";
			developmentRegion = en;
			hasScannedForEncodings = 0;
			knownRegions = (
				en,
				Base,
			);
			mainGroup = F7568044248A0D50001CB30E;
			productRefGroup = F756804E248A0D50001CB30E /* Products */;
			projectDirPath = "";
			projectRoot = "";
			targets = (
				F756804C248A0D50001CB30E /* Spectrum */,
				F7568062248A0D52001CB30E /* SpectrumTests */,
				F756806D248A0D52001CB30E /* SpectrumUITests */,
			);
		};
/* End PBXProject section */

/* Begin PBXResourcesBuildPhase section */
		F756804B248A0D50001CB30E /* Resources */ = {
			isa = PBXResourcesBuildPhase;
			buildActionMask = 2147483647;
			files = (
				F756805D248A0D52001CB30E /* LaunchScreen.storyboard in Resources */,
				F75680B0248A3899001CB30E /* SearchCell.xib in Resources */,
				F75680B8248A415A001CB30E /* CompanyCell.xib in Resources */,
				F756805A248A0D52001CB30E /* Assets.xcassets in Resources */,
				F75680D0248A6A28001CB30E /* SortBy.storyboard in Resources */,
				F75680A3248A2996001CB30E /* BaseTableViewController.xib in Resources */,
			);
			runOnlyForDeploymentPostprocessing = 0;
		};
		F7568061248A0D52001CB30E /* Resources */ = {
			isa = PBXResourcesBuildPhase;
			buildActionMask = 2147483647;
			files = (
			);
			runOnlyForDeploymentPostprocessing = 0;
		};
		F756806C248A0D52001CB30E /* Resources */ = {
			isa = PBXResourcesBuildPhase;
			buildActionMask = 2147483647;
			files = (
			);
			runOnlyForDeploymentPostprocessing = 0;
		};
/* End PBXResourcesBuildPhase section */

/* Begin PBXShellScriptBuildPhase section */
		0990718EBF92F4951837D51C /* [CP] Check Pods Manifest.lock */ = {
			isa = PBXShellScriptBuildPhase;
			buildActionMask = 2147483647;
			files = (
			);
			inputFileListPaths = (
			);
			inputPaths = (
				"${PODS_PODFILE_DIR_PATH}/Podfile.lock",
				"${PODS_ROOT}/Manifest.lock",
			);
			name = "[CP] Check Pods Manifest.lock";
			outputFileListPaths = (
			);
			outputPaths = (
				"$(DERIVED_FILE_DIR)/Pods-SpectrumTests-checkManifestLockResult.txt",
			);
			runOnlyForDeploymentPostprocessing = 0;
			shellPath = /bin/sh;
			shellScript = "diff \"${PODS_PODFILE_DIR_PATH}/Podfile.lock\" \"${PODS_ROOT}/Manifest.lock\" > /dev/null\nif [ $? != 0 ] ; then\n    # print error to STDERR\n    echo \"error: The sandbox is not in sync with the Podfile.lock. Run 'pod install' or update your CocoaPods installation.\" >&2\n    exit 1\nfi\n# This output is used by Xcode 'outputs' to avoid re-running this script phase.\necho \"SUCCESS\" > \"${SCRIPT_OUTPUT_FILE_0}\"\n";
			showEnvVarsInLog = 0;
		};
		453F2B9BCF05812BC2F9472D /* [CP] Embed Pods Frameworks */ = {
			isa = PBXShellScriptBuildPhase;
			buildActionMask = 2147483647;
			files = (
			);
			inputFileListPaths = (
				"${PODS_ROOT}/Target Support Files/Pods-Spectrum-SpectrumUITests/Pods-Spectrum-SpectrumUITests-frameworks-${CONFIGURATION}-input-files.xcfilelist",
			);
			name = "[CP] Embed Pods Frameworks";
			outputFileListPaths = (
				"${PODS_ROOT}/Target Support Files/Pods-Spectrum-SpectrumUITests/Pods-Spectrum-SpectrumUITests-frameworks-${CONFIGURATION}-output-files.xcfilelist",
			);
			runOnlyForDeploymentPostprocessing = 0;
			shellPath = /bin/sh;
			shellScript = "\"${PODS_ROOT}/Target Support Files/Pods-Spectrum-SpectrumUITests/Pods-Spectrum-SpectrumUITests-frameworks.sh\"\n";
			showEnvVarsInLog = 0;
		};
		71A892FF10B7A8DA839D1F77 /* [CP] Check Pods Manifest.lock */ = {
			isa = PBXShellScriptBuildPhase;
			buildActionMask = 2147483647;
			files = (
			);
			inputFileListPaths = (
			);
			inputPaths = (
				"${PODS_PODFILE_DIR_PATH}/Podfile.lock",
				"${PODS_ROOT}/Manifest.lock",
			);
			name = "[CP] Check Pods Manifest.lock";
			outputFileListPaths = (
			);
			outputPaths = (
				"$(DERIVED_FILE_DIR)/Pods-Spectrum-SpectrumUITests-checkManifestLockResult.txt",
			);
			runOnlyForDeploymentPostprocessing = 0;
			shellPath = /bin/sh;
			shellScript = "diff \"${PODS_PODFILE_DIR_PATH}/Podfile.lock\" \"${PODS_ROOT}/Manifest.lock\" > /dev/null\nif [ $? != 0 ] ; then\n    # print error to STDERR\n    echo \"error: The sandbox is not in sync with the Podfile.lock. Run 'pod install' or update your CocoaPods installation.\" >&2\n    exit 1\nfi\n# This output is used by Xcode 'outputs' to avoid re-running this script phase.\necho \"SUCCESS\" > \"${SCRIPT_OUTPUT_FILE_0}\"\n";
			showEnvVarsInLog = 0;
		};
		9A93E3D1E099C273631263A7 /* [CP] Check Pods Manifest.lock */ = {
			isa = PBXShellScriptBuildPhase;
			buildActionMask = 2147483647;
			files = (
			);
			inputFileListPaths = (
			);
			inputPaths = (
				"${PODS_PODFILE_DIR_PATH}/Podfile.lock",
				"${PODS_ROOT}/Manifest.lock",
			);
			name = "[CP] Check Pods Manifest.lock";
			outputFileListPaths = (
			);
			outputPaths = (
				"$(DERIVED_FILE_DIR)/Pods-Spectrum-checkManifestLockResult.txt",
			);
			runOnlyForDeploymentPostprocessing = 0;
			shellPath = /bin/sh;
			shellScript = "diff \"${PODS_PODFILE_DIR_PATH}/Podfile.lock\" \"${PODS_ROOT}/Manifest.lock\" > /dev/null\nif [ $? != 0 ] ; then\n    # print error to STDERR\n    echo \"error: The sandbox is not in sync with the Podfile.lock. Run 'pod install' or update your CocoaPods installation.\" >&2\n    exit 1\nfi\n# This output is used by Xcode 'outputs' to avoid re-running this script phase.\necho \"SUCCESS\" > \"${SCRIPT_OUTPUT_FILE_0}\"\n";
			showEnvVarsInLog = 0;
		};
		F51B85BBE1F4E91F15D10756 /* [CP] Embed Pods Frameworks */ = {
			isa = PBXShellScriptBuildPhase;
			buildActionMask = 2147483647;
			files = (
			);
			inputFileListPaths = (
				"${PODS_ROOT}/Target Support Files/Pods-Spectrum/Pods-Spectrum-frameworks-${CONFIGURATION}-input-files.xcfilelist",
			);
			name = "[CP] Embed Pods Frameworks";
			outputFileListPaths = (
				"${PODS_ROOT}/Target Support Files/Pods-Spectrum/Pods-Spectrum-frameworks-${CONFIGURATION}-output-files.xcfilelist",
			);
			runOnlyForDeploymentPostprocessing = 0;
			shellPath = /bin/sh;
			shellScript = "\"${PODS_ROOT}/Target Support Files/Pods-Spectrum/Pods-Spectrum-frameworks.sh\"\n";
			showEnvVarsInLog = 0;
		};
/* End PBXShellScriptBuildPhase section */

/* Begin PBXSourcesBuildPhase section */
		F7568049248A0D50001CB30E /* Sources */ = {
			isa = PBXSourcesBuildPhase;
			buildActionMask = 2147483647;
			files = (
				F7568095248A1B30001CB30E /* ReachabilityManager.swift in Sources */,
				F75680B2248A38CE001CB30E /* SearchCell.swift in Sources */,
				F75680CD248A634C001CB30E /* CompanyListViewModel.swift in Sources */,
				F756809B248A25C4001CB30E /* UIColor+Additions.swift in Sources */,
				F75680BD248A42E1001CB30E /* SecondaryLabel.swift in Sources */,
				F7568093248A1A33001CB30E /* NetworkProvider.swift in Sources */,
				F75680C2248A43F9001CB30E /* FollowButton.swift in Sources */,
				F75680D4248A6B26001CB30E /* SortByVC.swift in Sources */,
				F75680AE248A36B6001CB30E /* CompanyListVC.swift in Sources */,
				F75680A0248A27D8001CB30E /* UIFonts+Additions.swift in Sources */,
				F756808F248A10F7001CB30E /* ApplicationCoordinator.swift in Sources */,
				F7568098248A2522001CB30E /* SpinnerVC.swift in Sources */,
				F75680A5248A29D0001CB30E /* BaseTableViewController.swift in Sources */,
				F75680C9248A4AD3001CB30E /* CompanyAndMemberProvider.swift in Sources */,
				F75680BF248A430D001CB30E /* TertiaryLabel.swift in Sources */,
				F7568091248A1601001CB30E /* AlertWireframe.swift in Sources */,
				F75680AB248A3645001CB30E /* CompanyListCoordinator.swift in Sources */,
				F75680B5248A3E15001CB30E /* SearchTextField.swift in Sources */,
				F756808D248A10C6001CB30E /* Coordinator.swift in Sources */,
				F7568051248A0D50001CB30E /* AppDelegate.swift in Sources */,
				F756808B248A0F9B001CB30E /* ServiceDispatcher.swift in Sources */,
				F75680BB248A42A6001CB30E /* MainLabel.swift in Sources */,
				F75680C4248A44D9001CB30E /* CompanyCell.swift in Sources */,
				F75680A7248A2ACA001CB30E /* BaseTableViewCell.swift in Sources */,
				F7568089248A0F88001CB30E /* RootControllerService.swift in Sources */,
				F75680CB248A5EE7001CB30E /* GetCompanyAndMemberResponse.swift in Sources */,
			);
			runOnlyForDeploymentPostprocessing = 0;
		};
		F756805F248A0D52001CB30E /* Sources */ = {
			isa = PBXSourcesBuildPhase;
			buildActionMask = 2147483647;
			files = (
				F7568068248A0D52001CB30E /* SpectrumTests.swift in Sources */,
			);
			runOnlyForDeploymentPostprocessing = 0;
		};
		F756806A248A0D52001CB30E /* Sources */ = {
			isa = PBXSourcesBuildPhase;
			buildActionMask = 2147483647;
			files = (
				F7568073248A0D52001CB30E /* SpectrumUITests.swift in Sources */,
			);
			runOnlyForDeploymentPostprocessing = 0;
		};
/* End PBXSourcesBuildPhase section */

/* Begin PBXTargetDependency section */
		F7568065248A0D52001CB30E /* PBXTargetDependency */ = {
			isa = PBXTargetDependency;
			target = F756804C248A0D50001CB30E /* Spectrum */;
			targetProxy = F7568064248A0D52001CB30E /* PBXContainerItemProxy */;
		};
		F7568070248A0D52001CB30E /* PBXTargetDependency */ = {
			isa = PBXTargetDependency;
			target = F756804C248A0D50001CB30E /* Spectrum */;
			targetProxy = F756806F248A0D52001CB30E /* PBXContainerItemProxy */;
		};
/* End PBXTargetDependency section */

/* Begin PBXVariantGroup section */
		F756805B248A0D52001CB30E /* LaunchScreen.storyboard */ = {
			isa = PBXVariantGroup;
			children = (
				F756805C248A0D52001CB30E /* Base */,
			);
			name = LaunchScreen.storyboard;
			sourceTree = "<group>";
		};
/* End PBXVariantGroup section */

/* Begin XCBuildConfiguration section */
		F7568075248A0D52001CB30E /* Debug */ = {
			isa = XCBuildConfiguration;
			buildSettings = {
				ALWAYS_SEARCH_USER_PATHS = NO;
				CLANG_ANALYZER_NONNULL = YES;
				CLANG_ANALYZER_NUMBER_OBJECT_CONVERSION = YES_AGGRESSIVE;
				CLANG_CXX_LANGUAGE_STANDARD = "gnu++14";
				CLANG_CXX_LIBRARY = "libc++";
				CLANG_ENABLE_MODULES = YES;
				CLANG_ENABLE_OBJC_ARC = YES;
				CLANG_ENABLE_OBJC_WEAK = YES;
				CLANG_WARN_BLOCK_CAPTURE_AUTORELEASING = YES;
				CLANG_WARN_BOOL_CONVERSION = YES;
				CLANG_WARN_COMMA = YES;
				CLANG_WARN_CONSTANT_CONVERSION = YES;
				CLANG_WARN_DEPRECATED_OBJC_IMPLEMENTATIONS = YES;
				CLANG_WARN_DIRECT_OBJC_ISA_USAGE = YES_ERROR;
				CLANG_WARN_DOCUMENTATION_COMMENTS = YES;
				CLANG_WARN_EMPTY_BODY = YES;
				CLANG_WARN_ENUM_CONVERSION = YES;
				CLANG_WARN_INFINITE_RECURSION = YES;
				CLANG_WARN_INT_CONVERSION = YES;
				CLANG_WARN_NON_LITERAL_NULL_CONVERSION = YES;
				CLANG_WARN_OBJC_IMPLICIT_RETAIN_SELF = YES;
				CLANG_WARN_OBJC_LITERAL_CONVERSION = YES;
				CLANG_WARN_OBJC_ROOT_CLASS = YES_ERROR;
				CLANG_WARN_RANGE_LOOP_ANALYSIS = YES;
				CLANG_WARN_STRICT_PROTOTYPES = YES;
				CLANG_WARN_SUSPICIOUS_MOVE = YES;
				CLANG_WARN_UNGUARDED_AVAILABILITY = YES_AGGRESSIVE;
				CLANG_WARN_UNREACHABLE_CODE = YES;
				CLANG_WARN__DUPLICATE_METHOD_MATCH = YES;
				COPY_PHASE_STRIP = NO;
				DEBUG_INFORMATION_FORMAT = dwarf;
				ENABLE_STRICT_OBJC_MSGSEND = YES;
				ENABLE_TESTABILITY = YES;
				GCC_C_LANGUAGE_STANDARD = gnu11;
				GCC_DYNAMIC_NO_PIC = NO;
				GCC_NO_COMMON_BLOCKS = YES;
				GCC_OPTIMIZATION_LEVEL = 0;
				GCC_PREPROCESSOR_DEFINITIONS = (
					"DEBUG=1",
					"$(inherited)",
				);
				GCC_WARN_64_TO_32_BIT_CONVERSION = YES;
				GCC_WARN_ABOUT_RETURN_TYPE = YES_ERROR;
				GCC_WARN_UNDECLARED_SELECTOR = YES;
				GCC_WARN_UNINITIALIZED_AUTOS = YES_AGGRESSIVE;
				GCC_WARN_UNUSED_FUNCTION = YES;
				GCC_WARN_UNUSED_VARIABLE = YES;
				IPHONEOS_DEPLOYMENT_TARGET = 13.1;
				MTL_ENABLE_DEBUG_INFO = INCLUDE_SOURCE;
				MTL_FAST_MATH = YES;
				ONLY_ACTIVE_ARCH = YES;
				SDKROOT = iphoneos;
				SWIFT_ACTIVE_COMPILATION_CONDITIONS = DEBUG;
				SWIFT_OPTIMIZATION_LEVEL = "-Onone";
			};
			name = Debug;
		};
		F7568076248A0D52001CB30E /* Release */ = {
			isa = XCBuildConfiguration;
			buildSettings = {
				ALWAYS_SEARCH_USER_PATHS = NO;
				CLANG_ANALYZER_NONNULL = YES;
				CLANG_ANALYZER_NUMBER_OBJECT_CONVERSION = YES_AGGRESSIVE;
				CLANG_CXX_LANGUAGE_STANDARD = "gnu++14";
				CLANG_CXX_LIBRARY = "libc++";
				CLANG_ENABLE_MODULES = YES;
				CLANG_ENABLE_OBJC_ARC = YES;
				CLANG_ENABLE_OBJC_WEAK = YES;
				CLANG_WARN_BLOCK_CAPTURE_AUTORELEASING = YES;
				CLANG_WARN_BOOL_CONVERSION = YES;
				CLANG_WARN_COMMA = YES;
				CLANG_WARN_CONSTANT_CONVERSION = YES;
				CLANG_WARN_DEPRECATED_OBJC_IMPLEMENTATIONS = YES;
				CLANG_WARN_DIRECT_OBJC_ISA_USAGE = YES_ERROR;
				CLANG_WARN_DOCUMENTATION_COMMENTS = YES;
				CLANG_WARN_EMPTY_BODY = YES;
				CLANG_WARN_ENUM_CONVERSION = YES;
				CLANG_WARN_INFINITE_RECURSION = YES;
				CLANG_WARN_INT_CONVERSION = YES;
				CLANG_WARN_NON_LITERAL_NULL_CONVERSION = YES;
				CLANG_WARN_OBJC_IMPLICIT_RETAIN_SELF = YES;
				CLANG_WARN_OBJC_LITERAL_CONVERSION = YES;
				CLANG_WARN_OBJC_ROOT_CLASS = YES_ERROR;
				CLANG_WARN_RANGE_LOOP_ANALYSIS = YES;
				CLANG_WARN_STRICT_PROTOTYPES = YES;
				CLANG_WARN_SUSPICIOUS_MOVE = YES;
				CLANG_WARN_UNGUARDED_AVAILABILITY = YES_AGGRESSIVE;
				CLANG_WARN_UNREACHABLE_CODE = YES;
				CLANG_WARN__DUPLICATE_METHOD_MATCH = YES;
				COPY_PHASE_STRIP = NO;
				DEBUG_INFORMATION_FORMAT = "dwarf-with-dsym";
				ENABLE_NS_ASSERTIONS = NO;
				ENABLE_STRICT_OBJC_MSGSEND = YES;
				GCC_C_LANGUAGE_STANDARD = gnu11;
				GCC_NO_COMMON_BLOCKS = YES;
				GCC_WARN_64_TO_32_BIT_CONVERSION = YES;
				GCC_WARN_ABOUT_RETURN_TYPE = YES_ERROR;
				GCC_WARN_UNDECLARED_SELECTOR = YES;
				GCC_WARN_UNINITIALIZED_AUTOS = YES_AGGRESSIVE;
				GCC_WARN_UNUSED_FUNCTION = YES;
				GCC_WARN_UNUSED_VARIABLE = YES;
				IPHONEOS_DEPLOYMENT_TARGET = 13.1;
				MTL_ENABLE_DEBUG_INFO = NO;
				MTL_FAST_MATH = YES;
				SDKROOT = iphoneos;
				SWIFT_COMPILATION_MODE = wholemodule;
				SWIFT_OPTIMIZATION_LEVEL = "-O";
				VALIDATE_PRODUCT = YES;
			};
			name = Release;
		};
		F7568078248A0D52001CB30E /* Debug */ = {
			isa = XCBuildConfiguration;
			baseConfigurationReference = C801F1C705928818D9D4A31A /* Pods-Spectrum.debug.xcconfig */;
			buildSettings = {
				ASSETCATALOG_COMPILER_APPICON_NAME = AppIcon;
				CODE_SIGN_STYLE = Automatic;
				DEVELOPMENT_TEAM = YMGP992CD8;
				INFOPLIST_FILE = Spectrum/Info.plist;
				IPHONEOS_DEPLOYMENT_TARGET = 12.0;
				LD_RUNPATH_SEARCH_PATHS = (
					"$(inherited)",
					"@executable_path/Frameworks",
				);
				PRODUCT_BUNDLE_IDENTIFIER = io.DerickDev.Spectrum;
				PRODUCT_NAME = "$(TARGET_NAME)";
				SWIFT_VERSION = 5.0;
				TARGETED_DEVICE_FAMILY = "1,2";
			};
			name = Debug;
		};
		F7568079248A0D52001CB30E /* Release */ = {
			isa = XCBuildConfiguration;
			baseConfigurationReference = 42E2D89F45C3ADB4BFDB163E /* Pods-Spectrum.release.xcconfig */;
			buildSettings = {
				ASSETCATALOG_COMPILER_APPICON_NAME = AppIcon;
				CODE_SIGN_STYLE = Automatic;
				DEVELOPMENT_TEAM = YMGP992CD8;
				INFOPLIST_FILE = Spectrum/Info.plist;
				IPHONEOS_DEPLOYMENT_TARGET = 12.0;
				LD_RUNPATH_SEARCH_PATHS = (
					"$(inherited)",
					"@executable_path/Frameworks",
				);
				PRODUCT_BUNDLE_IDENTIFIER = io.DerickDev.Spectrum;
				PRODUCT_NAME = "$(TARGET_NAME)";
				SWIFT_VERSION = 5.0;
				TARGETED_DEVICE_FAMILY = "1,2";
			};
			name = Release;
		};
		F756807B248A0D52001CB30E /* Debug */ = {
			isa = XCBuildConfiguration;
			baseConfigurationReference = ECFCA7DAFB742AE7778B9960 /* Pods-SpectrumTests.debug.xcconfig */;
			buildSettings = {
				ALWAYS_EMBED_SWIFT_STANDARD_LIBRARIES = YES;
				BUNDLE_LOADER = "$(TEST_HOST)";
				CODE_SIGN_STYLE = Automatic;
				DEVELOPMENT_TEAM = YMGP992CD8;
				INFOPLIST_FILE = SpectrumTests/Info.plist;
				IPHONEOS_DEPLOYMENT_TARGET = 13.1;
				LD_RUNPATH_SEARCH_PATHS = (
					"$(inherited)",
					"@executable_path/Frameworks",
					"@loader_path/Frameworks",
				);
				PRODUCT_BUNDLE_IDENTIFIER = io.DerickDev.SpectrumTests;
				PRODUCT_NAME = "$(TARGET_NAME)";
				SWIFT_VERSION = 5.0;
				TARGETED_DEVICE_FAMILY = "1,2";
				TEST_HOST = "$(BUILT_PRODUCTS_DIR)/Spectrum.app/Spectrum";
			};
			name = Debug;
		};
		F756807C248A0D52001CB30E /* Release */ = {
			isa = XCBuildConfiguration;
			baseConfigurationReference = 60597A840E4E207CFF2F5521 /* Pods-SpectrumTests.release.xcconfig */;
			buildSettings = {
				ALWAYS_EMBED_SWIFT_STANDARD_LIBRARIES = YES;
				BUNDLE_LOADER = "$(TEST_HOST)";
				CODE_SIGN_STYLE = Automatic;
				DEVELOPMENT_TEAM = YMGP992CD8;
				INFOPLIST_FILE = SpectrumTests/Info.plist;
				IPHONEOS_DEPLOYMENT_TARGET = 13.1;
				LD_RUNPATH_SEARCH_PATHS = (
					"$(inherited)",
					"@executable_path/Frameworks",
					"@loader_path/Frameworks",
				);
				PRODUCT_BUNDLE_IDENTIFIER = io.DerickDev.SpectrumTests;
				PRODUCT_NAME = "$(TARGET_NAME)";
				SWIFT_VERSION = 5.0;
				TARGETED_DEVICE_FAMILY = "1,2";
				TEST_HOST = "$(BUILT_PRODUCTS_DIR)/Spectrum.app/Spectrum";
			};
			name = Release;
		};
		F756807E248A0D52001CB30E /* Debug */ = {
			isa = XCBuildConfiguration;
			baseConfigurationReference = ED5591ECFB5F7A0A6EDAFFFE /* Pods-Spectrum-SpectrumUITests.debug.xcconfig */;
			buildSettings = {
				ALWAYS_EMBED_SWIFT_STANDARD_LIBRARIES = YES;
				CODE_SIGN_STYLE = Automatic;
				DEVELOPMENT_TEAM = YMGP992CD8;
				INFOPLIST_FILE = SpectrumUITests/Info.plist;
				LD_RUNPATH_SEARCH_PATHS = (
					"$(inherited)",
					"@executable_path/Frameworks",
					"@loader_path/Frameworks",
				);
				PRODUCT_BUNDLE_IDENTIFIER = io.DerickDev.SpectrumUITests;
				PRODUCT_NAME = "$(TARGET_NAME)";
				SWIFT_VERSION = 5.0;
				TARGETED_DEVICE_FAMILY = "1,2";
				TEST_TARGET_NAME = Spectrum;
			};
			name = Debug;
		};
		F756807F248A0D52001CB30E /* Release */ = {
			isa = XCBuildConfiguration;
			baseConfigurationReference = 15F9E5A2B0188FA75E390637 /* Pods-Spectrum-SpectrumUITests.release.xcconfig */;
			buildSettings = {
				ALWAYS_EMBED_SWIFT_STANDARD_LIBRARIES = YES;
				CODE_SIGN_STYLE = Automatic;
				DEVELOPMENT_TEAM = YMGP992CD8;
				INFOPLIST_FILE = SpectrumUITests/Info.plist;
				LD_RUNPATH_SEARCH_PATHS = (
					"$(inherited)",
					"@executable_path/Frameworks",
					"@loader_path/Frameworks",
				);
				PRODUCT_BUNDLE_IDENTIFIER = io.DerickDev.SpectrumUITests;
				PRODUCT_NAME = "$(TARGET_NAME)";
				SWIFT_VERSION = 5.0;
				TARGETED_DEVICE_FAMILY = "1,2";
				TEST_TARGET_NAME = Spectrum;
			};
			name = Release;
		};
/* End XCBuildConfiguration section */

/* Begin XCConfigurationList section */
		F7568048248A0D50001CB30E /* Build configuration list for PBXProject "Spectrum" */ = {
			isa = XCConfigurationList;
			buildConfigurations = (
				F7568075248A0D52001CB30E /* Debug */,
				F7568076248A0D52001CB30E /* Release */,
			);
			defaultConfigurationIsVisible = 0;
			defaultConfigurationName = Release;
		};
		F7568077248A0D52001CB30E /* Build configuration list for PBXNativeTarget "Spectrum" */ = {
			isa = XCConfigurationList;
			buildConfigurations = (
				F7568078248A0D52001CB30E /* Debug */,
				F7568079248A0D52001CB30E /* Release */,
			);
			defaultConfigurationIsVisible = 0;
			defaultConfigurationName = Release;
		};
		F756807A248A0D52001CB30E /* Build configuration list for PBXNativeTarget "SpectrumTests" */ = {
			isa = XCConfigurationList;
			buildConfigurations = (
				F756807B248A0D52001CB30E /* Debug */,
				F756807C248A0D52001CB30E /* Release */,
			);
			defaultConfigurationIsVisible = 0;
			defaultConfigurationName = Release;
		};
		F756807D248A0D52001CB30E /* Build configuration list for PBXNativeTarget "SpectrumUITests" */ = {
			isa = XCConfigurationList;
			buildConfigurations = (
				F756807E248A0D52001CB30E /* Debug */,
				F756807F248A0D52001CB30E /* Release */,
			);
			defaultConfigurationIsVisible = 0;
			defaultConfigurationName = Release;
		};
/* End XCConfigurationList section */
	};
	rootObject = F7568045248A0D50001CB30E /* Project object */;
}
